schema: '2.0'
stages:
  data_ingestion:
    cmd: python pipeline/data_ingestion.py
    deps:
    - path: pipeline/data_ingestion.py
      hash: md5
      md5: a7a2e7fee64baa87986777fd3edf7f69
      size: 4505
    outs:
    - path: artifacts/data_ingestion/order_details.csv
      hash: md5
      md5: 91c4e5a72ad1a6af31d2175cb52ad7d9
      size: 1577
  regex_processing:
    cmd: python pipeline/regex_processing.py
    deps:
    - path: artifacts/data_ingestion/
      hash: md5
      md5: 1c5ac24277122c67184a8ee746dc4152.dir
      size: 12679069
      nfiles: 2
    - path: pipeline/regex_processing.py
      hash: md5
      md5: d231c4bdd4ef8eb6509dcf80bc511d19
      size: 4945
    outs:
    - path: artifacts/regex_processing/
      hash: md5
      md5: 279d10c9dcf8598a950e46f818e6e490.dir
      size: 147226128
      nfiles: 1
